
Microsoft Visual Studio Solution File, Format Version 12.00
# Visual Studio Version 17
VisualStudioVersion = 17.3.32929.385
MinimumVisualStudioVersion = 10.0.40219.1
Project("{FAE04EC0-301F-11D3-BF4B-00C04F79EFBC}") = "BirthCitificateManagement", "BirthCitificateManagement\BirthCitificateManagement.csproj", "{6F795939-CB25-4B42-A402-5E1AF31DFA94}"
EndProject
Project("{FAE04EC0-301F-11D3-BF4B-00C04F79EFBC}") = "DAL", "DAL\DAL.csproj", "{19C9036F-C1F6-4466-895F-FBDA9773BBF2}"
EndProject
Project("{FAE04EC0-301F-11D3-BF4B-00C04F79EFBC}") = "BLL", "BLL\BLL.csproj", "{BE7867F5-7291-453D-9172-CC25C893319A}"
EndProject
Global
	GlobalSection(SolutionConfigurationPlatforms) = preSolution
		Debug|Any CPU = Debug|Any CPU
		Release|Any CPU = Release|Any CPU
	EndGlobalSection
	GlobalSection(ProjectConfigurationPlatforms) = postSolution
		{6F795939-CB25-4B42-A402-5E1AF31DFA94}.Debug|Any CPU.ActiveCfg = Debug|Any CPU
		{6F795939-CB25-4B42-A402-5E1AF31DFA94}.Debug|Any CPU.Build.0 = Debug|Any CPU
		{6F795939-CB25-4B42-A402-5E1AF31DFA94}.Release|Any CPU.ActiveCfg = Release|Any CPU
		{6F795939-CB25-4B42-A402-5E1AF31DFA94}.Release|Any CPU.Build.0 = Release|Any CPU
		{19C9036F-C1F6-4466-895F-FBDA9773BBF2}.Debug|Any CPU.ActiveCfg = Debug|Any CPU
		{19C9036F-C1F6-4466-895F-FBDA9773BBF2}.Debug|Any CPU.Build.0 = Debug|Any CPU
		{19C9036F-C1F6-4466-895F-FBDA9773BBF2}.Release|Any CPU.ActiveCfg = Release|Any CPU
		{19C9036F-C1F6-4466-895F-FBDA9773BBF2}.Release|Any CPU.Build.0 = Release|Any CPU
		{BE7867F5-7291-453D-9172-CC25C893319A}.Debug|Any CPU.ActiveCfg = Debug|Any CPU
		{BE7867F5-7291-453D-9172-CC25C893319A}.Debug|Any CPU.Build.0 = Debug|Any CPU
		{BE7867F5-7291-453D-9172-CC25C893319A}.Release|Any CPU.ActiveCfg = Release|Any CPU
		{BE7867F5-7291-453D-9172-CC25C893319A}.Release|Any CPU.Build.0 = Release|Any CPU
	EndGlobalSection
	GlobalSection(SolutionProperties) = preSolution
		HideSolutionNode = FALSE
	EndGlobalSection
	GlobalSection(ExtensibilityGlobals) = postSolution
		SolutionGuid = {7BB26185-69A0-45FF-8105-D9DACFF85257}
	EndGlobalSection
EndGlobal
